
Microsoft Visual Studio Solution File, Format Version 12.00
# Visual Studio Version 16
VisualStudioVersion = 16.0.30717.126
MinimumVisualStudioVersion = 10.0.40219.1
Project("{FAE04EC0-301F-11D3-BF4B-00C04F79EFBC}") = "RazorPagesMovie", "RazorPagesMovie\RazorPagesMovie.csproj", "{6412D4C0-146B-4B37-9957-FF6829C4CBFC}"
EndProject
Global
	GlobalSection(SolutionConfigurationPlatforms) = preSolution
		Debug|Any CPU = Debug|Any CPU
		Release|Any CPU = Release|Any CPU
	EndGlobalSection
	GlobalSection(ProjectConfigurationPlatforms) = postSolution
		{6412D4C0-146B-4B37-9957-FF6829C4CBFC}.Debug|Any CPU.ActiveCfg = Debug|Any CPU
		{6412D4C0-146B-4B37-9957-FF6829C4CBFC}.Debug|Any CPU.Build.0 = Debug|Any CPU
		{6412D4C0-146B-4B37-9957-FF6829C4CBFC}.Release|Any CPU.ActiveCfg = Release|Any CPU
		{6412D4C0-146B-4B37-9957-FF6829C4CBFC}.Release|Any CPU.Build.0 = Release|Any CPU
	EndGlobalSection
	GlobalSection(SolutionProperties) = preSolution
		HideSolutionNode = FALSE
	EndGlobalSection
	GlobalSection(ExtensibilityGlobals) = postSolution
		SolutionGuid = {99FA9E93-811E-40A0-8E1D-29F0D1E57EDB}
	EndGlobalSection
EndGlobal
